
Microsoft Visual Studio Solution File, Format Version 11.00
# Visual Studio 2010
Project("{FAE04EC0-301F-11D3-BF4B-00C04F79EFBC}") = "stp1_4sem", "stp1_4sem\stp1_4sem.csproj", "{06648C48-68D1-4FEB-A791-40E01496A47C}"
EndProject
Global
	GlobalSection(SolutionConfigurationPlatforms) = preSolution
		Debug|x86 = Debug|x86
		Release|x86 = Release|x86
	EndGlobalSection
	GlobalSection(ProjectConfigurationPlatforms) = postSolution
		{06648C48-68D1-4FEB-A791-40E01496A47C}.Debug|x86.ActiveCfg = Debug|x86
		{06648C48-68D1-4FEB-A791-40E01496A47C}.Debug|x86.Build.0 = Debug|x86
		{06648C48-68D1-4FEB-A791-40E01496A47C}.Release|x86.ActiveCfg = Release|x86
		{06648C48-68D1-4FEB-A791-40E01496A47C}.Release|x86.Build.0 = Release|x86
	EndGlobalSection
	GlobalSection(SolutionProperties) = preSolution
		HideSolutionNode = FALSE
	EndGlobalSection
EndGlobal
